
Microsoft Visual Studio Solution File, Format Version 12.00
# Visual Studio Version 16
VisualStudioVersion = 16.0.29519.181
MinimumVisualStudioVersion = 10.0.40219.1
Project("{FAE04EC0-301F-11D3-BF4B-00C04F79EFBC}") = "Deloitte.Scenario.Api", "Deloitte.Scenario\Deloitte.Scenario.Api.csproj", "{BA501509-5F33-4241-8E42-370C10A68F7E}"
EndProject
Project("{FAE04EC0-301F-11D3-BF4B-00C04F79EFBC}") = "Deloitte.Scenario.Tests", "Deloitte.Scenario.Tests\Deloitte.Scenario.Tests.csproj", "{051B94C7-30F9-4A03-B9AC-5EA471CF9108}"
EndProject
Project("{FAE04EC0-301F-11D3-BF4B-00C04F79EFBC}") = "Deloitte.Scenario.Data", "Deloitte.Scenario.Data\Deloitte.Scenario.Data.csproj", "{DD877A67-7A74-4D7C-B774-EB511297F42B}"
EndProject
Project("{FAE04EC0-301F-11D3-BF4B-00C04F79EFBC}") = "Deloitte.Scenario.BusinessLogic", "Deloitte.Scenario.BusinesLogic\Deloitte.Scenario.BusinessLogic.csproj", "{426BA77C-3B44-4CF7-BE18-7F50A3928069}"
EndProject
Project("{FAE04EC0-301F-11D3-BF4B-00C04F79EFBC}") = "Deloitte.Scenario.Models", "Deloitte.Scenario.Models\Deloitte.Scenario.Models.csproj", "{84F8A3FB-5A8C-418D-8CF8-B035537C9070}"
EndProject
Project("{FAE04EC0-301F-11D3-BF4B-00C04F79EFBC}") = "Deloitte.Scenario.TransferModels", "Deloitte.Scenario.TransferModels\Deloitte.Scenario.TransferModels.csproj", "{92B83EF2-D72C-432C-A416-A7BF2AA3FB5F}"
EndProject
Project("{FAE04EC0-301F-11D3-BF4B-00C04F79EFBC}") = "Deloitte.Scenario.Services", "Deloitte.Scenario.Services\Deloitte.Scenario.Services.csproj", "{6332B6EB-608D-4145-8B70-C80ACB149532}"
EndProject
Global
	GlobalSection(SolutionConfigurationPlatforms) = preSolution
		Debug|Any CPU = Debug|Any CPU
		Release|Any CPU = Release|Any CPU
	EndGlobalSection
	GlobalSection(ProjectConfigurationPlatforms) = postSolution
		{BA501509-5F33-4241-8E42-370C10A68F7E}.Debug|Any CPU.ActiveCfg = Debug|Any CPU
		{BA501509-5F33-4241-8E42-370C10A68F7E}.Debug|Any CPU.Build.0 = Debug|Any CPU
		{BA501509-5F33-4241-8E42-370C10A68F7E}.Release|Any CPU.ActiveCfg = Release|Any CPU
		{BA501509-5F33-4241-8E42-370C10A68F7E}.Release|Any CPU.Build.0 = Release|Any CPU
		{051B94C7-30F9-4A03-B9AC-5EA471CF9108}.Debug|Any CPU.ActiveCfg = Debug|Any CPU
		{051B94C7-30F9-4A03-B9AC-5EA471CF9108}.Debug|Any CPU.Build.0 = Debug|Any CPU
		{051B94C7-30F9-4A03-B9AC-5EA471CF9108}.Release|Any CPU.ActiveCfg = Release|Any CPU
		{051B94C7-30F9-4A03-B9AC-5EA471CF9108}.Release|Any CPU.Build.0 = Release|Any CPU
		{DD877A67-7A74-4D7C-B774-EB511297F42B}.Debug|Any CPU.ActiveCfg = Debug|Any CPU
		{DD877A67-7A74-4D7C-B774-EB511297F42B}.Debug|Any CPU.Build.0 = Debug|Any CPU
		{DD877A67-7A74-4D7C-B774-EB511297F42B}.Release|Any CPU.ActiveCfg = Release|Any CPU
		{DD877A67-7A74-4D7C-B774-EB511297F42B}.Release|Any CPU.Build.0 = Release|Any CPU
		{426BA77C-3B44-4CF7-BE18-7F50A3928069}.Debug|Any CPU.ActiveCfg = Debug|Any CPU
		{426BA77C-3B44-4CF7-BE18-7F50A3928069}.Debug|Any CPU.Build.0 = Debug|Any CPU
		{426BA77C-3B44-4CF7-BE18-7F50A3928069}.Release|Any CPU.ActiveCfg = Release|Any CPU
		{426BA77C-3B44-4CF7-BE18-7F50A3928069}.Release|Any CPU.Build.0 = Release|Any CPU
		{84F8A3FB-5A8C-418D-8CF8-B035537C9070}.Debug|Any CPU.ActiveCfg = Debug|Any CPU
		{84F8A3FB-5A8C-418D-8CF8-B035537C9070}.Debug|Any CPU.Build.0 = Debug|Any CPU
		{84F8A3FB-5A8C-418D-8CF8-B035537C9070}.Release|Any CPU.ActiveCfg = Release|Any CPU
		{84F8A3FB-5A8C-418D-8CF8-B035537C9070}.Release|Any CPU.Build.0 = Release|Any CPU
		{92B83EF2-D72C-432C-A416-A7BF2AA3FB5F}.Debug|Any CPU.ActiveCfg = Debug|Any CPU
		{92B83EF2-D72C-432C-A416-A7BF2AA3FB5F}.Debug|Any CPU.Build.0 = Debug|Any CPU
		{92B83EF2-D72C-432C-A416-A7BF2AA3FB5F}.Release|Any CPU.ActiveCfg = Release|Any CPU
		{92B83EF2-D72C-432C-A416-A7BF2AA3FB5F}.Release|Any CPU.Build.0 = Release|Any CPU
		{6332B6EB-608D-4145-8B70-C80ACB149532}.Debug|Any CPU.ActiveCfg = Debug|Any CPU
		{6332B6EB-608D-4145-8B70-C80ACB149532}.Debug|Any CPU.Build.0 = Debug|Any CPU
		{6332B6EB-608D-4145-8B70-C80ACB149532}.Release|Any CPU.ActiveCfg = Release|Any CPU
		{6332B6EB-608D-4145-8B70-C80ACB149532}.Release|Any CPU.Build.0 = Release|Any CPU
	EndGlobalSection
	GlobalSection(SolutionProperties) = preSolution
		HideSolutionNode = FALSE
	EndGlobalSection
	GlobalSection(ExtensibilityGlobals) = postSolution
		SolutionGuid = {FF7B0A51-9F24-49CF-AE0D-DCFF9DEE2DAD}
	EndGlobalSection
EndGlobal
